
Microsoft Visual Studio Solution File, Format Version 12.00
# Visual Studio Version 16
VisualStudioVersion = 16.0.30114.105
MinimumVisualStudioVersion = 10.0.40219.1
Project("{9A19103F-16F7-4668-BE54-9A1E7A4F7556}") = "DIO.Series", "DIO.Series\DIO.Series.csproj", "{B6EFB870-000B-41A7-BB18-982D6C6FF45B}"
EndProject
Project("{FAE04EC0-301F-11D3-BF4B-00C04F79EFBC}") = "DIO.Series.Consol", "DIO.Series.Consol\DIO.Series.Consol.csproj", "{3728BF8D-CDC7-4122-B46E-B8DD9729F11A}"
EndProject
Project("{FAE04EC0-301F-11D3-BF4B-00C04F79EFBC}") = "DIO.Series.Web", "DIO.Series.Web\DIO.Series.Web.csproj", "{F4843998-19FF-4F5C-A177-F731FC64E6D7}"
EndProject
Global
	GlobalSection(SolutionConfigurationPlatforms) = preSolution
		Debug|Any CPU = Debug|Any CPU
		Debug|x64 = Debug|x64
		Debug|x86 = Debug|x86
		Release|Any CPU = Release|Any CPU
		Release|x64 = Release|x64
		Release|x86 = Release|x86
	EndGlobalSection
	GlobalSection(ProjectConfigurationPlatforms) = postSolution
		{B6EFB870-000B-41A7-BB18-982D6C6FF45B}.Debug|Any CPU.ActiveCfg = Debug|Any CPU
		{B6EFB870-000B-41A7-BB18-982D6C6FF45B}.Debug|Any CPU.Build.0 = Debug|Any CPU
		{B6EFB870-000B-41A7-BB18-982D6C6FF45B}.Debug|x64.ActiveCfg = Debug|Any CPU
		{B6EFB870-000B-41A7-BB18-982D6C6FF45B}.Debug|x64.Build.0 = Debug|Any CPU
		{B6EFB870-000B-41A7-BB18-982D6C6FF45B}.Debug|x86.ActiveCfg = Debug|Any CPU
		{B6EFB870-000B-41A7-BB18-982D6C6FF45B}.Debug|x86.Build.0 = Debug|Any CPU
		{B6EFB870-000B-41A7-BB18-982D6C6FF45B}.Release|Any CPU.ActiveCfg = Release|Any CPU
		{B6EFB870-000B-41A7-BB18-982D6C6FF45B}.Release|Any CPU.Build.0 = Release|Any CPU
		{B6EFB870-000B-41A7-BB18-982D6C6FF45B}.Release|x64.ActiveCfg = Release|Any CPU
		{B6EFB870-000B-41A7-BB18-982D6C6FF45B}.Release|x64.Build.0 = Release|Any CPU
		{B6EFB870-000B-41A7-BB18-982D6C6FF45B}.Release|x86.ActiveCfg = Release|Any CPU
		{B6EFB870-000B-41A7-BB18-982D6C6FF45B}.Release|x86.Build.0 = Release|Any CPU
		{3728BF8D-CDC7-4122-B46E-B8DD9729F11A}.Debug|Any CPU.ActiveCfg = Debug|Any CPU
		{3728BF8D-CDC7-4122-B46E-B8DD9729F11A}.Debug|Any CPU.Build.0 = Debug|Any CPU
		{3728BF8D-CDC7-4122-B46E-B8DD9729F11A}.Debug|x64.ActiveCfg = Debug|Any CPU
		{3728BF8D-CDC7-4122-B46E-B8DD9729F11A}.Debug|x64.Build.0 = Debug|Any CPU
		{3728BF8D-CDC7-4122-B46E-B8DD9729F11A}.Debug|x86.ActiveCfg = Debug|Any CPU
		{3728BF8D-CDC7-4122-B46E-B8DD9729F11A}.Debug|x86.Build.0 = Debug|Any CPU
		{3728BF8D-CDC7-4122-B46E-B8DD9729F11A}.Release|Any CPU.ActiveCfg = Release|Any CPU
		{3728BF8D-CDC7-4122-B46E-B8DD9729F11A}.Release|Any CPU.Build.0 = Release|Any CPU
		{3728BF8D-CDC7-4122-B46E-B8DD9729F11A}.Release|x64.ActiveCfg = Release|Any CPU
		{3728BF8D-CDC7-4122-B46E-B8DD9729F11A}.Release|x64.Build.0 = Release|Any CPU
		{3728BF8D-CDC7-4122-B46E-B8DD9729F11A}.Release|x86.ActiveCfg = Release|Any CPU
		{3728BF8D-CDC7-4122-B46E-B8DD9729F11A}.Release|x86.Build.0 = Release|Any CPU
		{F4843998-19FF-4F5C-A177-F731FC64E6D7}.Debug|Any CPU.ActiveCfg = Debug|Any CPU
		{F4843998-19FF-4F5C-A177-F731FC64E6D7}.Debug|Any CPU.Build.0 = Debug|Any CPU
		{F4843998-19FF-4F5C-A177-F731FC64E6D7}.Debug|x64.ActiveCfg = Debug|Any CPU
		{F4843998-19FF-4F5C-A177-F731FC64E6D7}.Debug|x64.Build.0 = Debug|Any CPU
		{F4843998-19FF-4F5C-A177-F731FC64E6D7}.Debug|x86.ActiveCfg = Debug|Any CPU
		{F4843998-19FF-4F5C-A177-F731FC64E6D7}.Debug|x86.Build.0 = Debug|Any CPU
		{F4843998-19FF-4F5C-A177-F731FC64E6D7}.Release|Any CPU.ActiveCfg = Release|Any CPU
		{F4843998-19FF-4F5C-A177-F731FC64E6D7}.Release|Any CPU.Build.0 = Release|Any CPU
		{F4843998-19FF-4F5C-A177-F731FC64E6D7}.Release|x64.ActiveCfg = Release|Any CPU
		{F4843998-19FF-4F5C-A177-F731FC64E6D7}.Release|x64.Build.0 = Release|Any CPU
		{F4843998-19FF-4F5C-A177-F731FC64E6D7}.Release|x86.ActiveCfg = Release|Any CPU
		{F4843998-19FF-4F5C-A177-F731FC64E6D7}.Release|x86.Build.0 = Release|Any CPU
	EndGlobalSection
	GlobalSection(SolutionProperties) = preSolution
		HideSolutionNode = FALSE
	EndGlobalSection
	GlobalSection(ExtensibilityGlobals) = postSolution
		SolutionGuid = {B14F9B5C-E038-40E4-A211-D91314C282A2}
	EndGlobalSection
EndGlobal
